
Microsoft Visual Studio Solution File, Format Version 12.00
# Visual Studio Version 17
VisualStudioVersion = 17.12.35707.178
MinimumVisualStudioVersion = 10.0.40219.1
Project("{FAE04EC0-301F-11D3-BF4B-00C04F79EFBC}") = "StickedWords.API", "src\StickedWords.API\StickedWords.API.csproj", "{7D8787BC-AB6A-472D-8608-B9E8F86DBC54}"
EndProject
Project("{2150E333-8FDC-42A3-9474-1A3956D46DE8}") = "src", "src", "{0720995C-9B78-445C-A458-8B00BB424A7E}"
EndProject
Project("{2150E333-8FDC-42A3-9474-1A3956D46DE8}") = "tests", "tests", "{C8005C47-7CB1-4DBD-96E6-476AB1D9EA88}"
EndProject
Project("{FAE04EC0-301F-11D3-BF4B-00C04F79EFBC}") = "StickedWords.UnitTests", "tests\StickedWords.UnitTests\StickedWords.UnitTests.csproj", "{17950490-ED60-430C-9EDA-729C3DA1F1DE}"
EndProject
Project("{FAE04EC0-301F-11D3-BF4B-00C04F79EFBC}") = "StickedWords.Domain", "src\StickedWords.Domain\StickedWords.Domain.csproj", "{2718D2D0-B64F-48FA-AEF0-880788A1A54E}"
EndProject
Project("{FAE04EC0-301F-11D3-BF4B-00C04F79EFBC}") = "StickedWords.Application", "src\StickedWords.Application\StickedWords.Application.csproj", "{5E50BAF8-F905-4DB7-A489-FB8C4208EAFD}"
EndProject
Project("{FAE04EC0-301F-11D3-BF4B-00C04F79EFBC}") = "StickedWords.Infrastructure", "src\StickedWords.Infrastructure\StickedWords.Infrastructure.csproj", "{43465B07-17E2-48C4-BB8C-D89BAA028526}"
EndProject
Project("{FAE04EC0-301F-11D3-BF4B-00C04F79EFBC}") = "StickedWords.Infrastructure.Sqlite", "src\StickedWords.Infrastructure.Sqlite\StickedWords.Infrastructure.Sqlite.csproj", "{3F41A3EA-3D0A-4F0A-B747-2E806E285D4E}"
EndProject
Project("{FAE04EC0-301F-11D3-BF4B-00C04F79EFBC}") = "StickedWords.Infrastructure.Postgres", "src\StickedWords.Infrastructure.Postgres\StickedWords.Infrastructure.Postgres.csproj", "{93A83932-DA2A-4D50-AB38-CEE409716742}"
EndProject
Project("{FAE04EC0-301F-11D3-BF4B-00C04F79EFBC}") = "StickedWords.DbMigrations.Sqlite", "src\StickedWords.DbMigrations.Sqlite\StickedWords.DbMigrations.Sqlite.csproj", "{B29A727C-F59A-4A6F-B0AF-7A3F70DA2923}"
EndProject
Project("{FAE04EC0-301F-11D3-BF4B-00C04F79EFBC}") = "StickedWords.DbMigrations.Postgres", "src\StickedWords.DbMigrations.Postgres\StickedWords.DbMigrations.Postgres.csproj", "{F0F9C965-64A9-4F9C-AB89-398FA02C5C96}"
EndProject
Project("{FAE04EC0-301F-11D3-BF4B-00C04F79EFBC}") = "StickedWords.Shared", "src\StickedWords.Shared\StickedWords.Shared.csproj", "{E1D2F9C0-1A2B-4C3D-9F8E-764321156789}"
EndProject
Global
	GlobalSection(SolutionConfigurationPlatforms) = preSolution
		Debug|Any CPU = Debug|Any CPU
		Release|Any CPU = Release|Any CPU
	EndGlobalSection
	GlobalSection(ProjectConfigurationPlatforms) = postSolution
		{7D8787BC-AB6A-472D-8608-B9E8F86DBC54}.Debug|Any CPU.ActiveCfg = Debug|Any CPU
		{7D8787BC-AB6A-472D-8608-B9E8F86DBC54}.Debug|Any CPU.Build.0 = Debug|Any CPU
		{7D8787BC-AB6A-472D-8608-B9E8F86DBC54}.Release|Any CPU.ActiveCfg = Release|Any CPU
		{7D8787BC-AB6A-472D-8608-B9E8F86DBC54}.Release|Any CPU.Build.0 = Release|Any CPU
		{17950490-ED60-430C-9EDA-729C3DA1F1DE}.Debug|Any CPU.ActiveCfg = Debug|Any CPU
		{17950490-ED60-430C-9EDA-729C3DA1F1DE}.Debug|Any CPU.Build.0 = Debug|Any CPU
		{17950490-ED60-430C-9EDA-729C3DA1F1DE}.Release|Any CPU.ActiveCfg = Release|Any CPU
		{17950490-ED60-430C-9EDA-729C3DA1F1DE}.Release|Any CPU.Build.0 = Release|Any CPU
		{2718D2D0-B64F-48FA-AEF0-880788A1A54E}.Debug|Any CPU.ActiveCfg = Debug|Any CPU
		{2718D2D0-B64F-48FA-AEF0-880788A1A54E}.Debug|Any CPU.Build.0 = Debug|Any CPU
		{2718D2D0-B64F-48FA-AEF0-880788A1A54E}.Release|Any CPU.ActiveCfg = Release|Any CPU
		{2718D2D0-B64F-48FA-AEF0-880788A1A54E}.Release|Any CPU.Build.0 = Release|Any CPU
		{5E50BAF8-F905-4DB7-A489-FB8C4208EAFD}.Debug|Any CPU.ActiveCfg = Debug|Any CPU
		{5E50BAF8-F905-4DB7-A489-FB8C4208EAFD}.Debug|Any CPU.Build.0 = Debug|Any CPU
		{5E50BAF8-F905-4DB7-A489-FB8C4208EAFD}.Release|Any CPU.ActiveCfg = Release|Any CPU
		{5E50BAF8-F905-4DB7-A489-FB8C4208EAFD}.Release|Any CPU.Build.0 = Release|Any CPU
		{43465B07-17E2-48C4-BB8C-D89BAA028526}.Debug|Any CPU.ActiveCfg = Debug|Any CPU
		{43465B07-17E2-48C4-BB8C-D89BAA028526}.Debug|Any CPU.Build.0 = Debug|Any CPU
		{43465B07-17E2-48C4-BB8C-D89BAA028526}.Release|Any CPU.ActiveCfg = Release|Any CPU
		{43465B07-17E2-48C4-BB8C-D89BAA028526}.Release|Any CPU.Build.0 = Release|Any CPU
		{3F41A3EA-3D0A-4F0A-B747-2E806E285D4E}.Debug|Any CPU.ActiveCfg = Debug|Any CPU
		{3F41A3EA-3D0A-4F0A-B747-2E806E285D4E}.Debug|Any CPU.Build.0 = Debug|Any CPU
		{3F41A3EA-3D0A-4F0A-B747-2E806E285D4E}.Release|Any CPU.ActiveCfg = Release|Any CPU
		{3F41A3EA-3D0A-4F0A-B747-2E806E285D4E}.Release|Any CPU.Build.0 = Release|Any CPU
		{93A83932-DA2A-4D50-AB38-CEE409716742}.Debug|Any CPU.ActiveCfg = Debug|Any CPU
		{93A83932-DA2A-4D50-AB38-CEE409716742}.Debug|Any CPU.Build.0 = Debug|Any CPU
		{93A83932-DA2A-4D50-AB38-CEE409716742}.Release|Any CPU.ActiveCfg = Release|Any CPU
		{93A83932-DA2A-4D50-AB38-CEE409716742}.Release|Any CPU.Build.0 = Release|Any CPU
		{B29A727C-F59A-4A6F-B0AF-7A3F70DA2923}.Debug|Any CPU.ActiveCfg = Debug|Any CPU
		{B29A727C-F59A-4A6F-B0AF-7A3F70DA2923}.Debug|Any CPU.Build.0 = Debug|Any CPU
		{B29A727C-F59A-4A6F-B0AF-7A3F70DA2923}.Release|Any CPU.ActiveCfg = Release|Any CPU
		{B29A727C-F59A-4A6F-B0AF-7A3F70DA2923}.Release|Any CPU.Build.0 = Release|Any CPU
		{F0F9C965-64A9-4F9C-AB89-398FA02C5C96}.Debug|Any CPU.ActiveCfg = Debug|Any CPU
		{F0F9C965-64A9-4F9C-AB89-398FA02C5C96}.Debug|Any CPU.Build.0 = Debug|Any CPU
		{F0F9C965-64A9-4F9C-AB89-398FA02C5C96}.Release|Any CPU.ActiveCfg = Release|Any CPU
		{F0F9C965-64A9-4F9C-AB89-398FA02C5C96}.Release|Any CPU.Build.0 = Release|Any CPU
		{E1D2F9C0-1A2B-4C3D-9F8E-764321156789}.Debug|Any CPU.ActiveCfg = Debug|Any CPU
		{E1D2F9C0-1A2B-4C3D-9F8E-764321156789}.Debug|Any CPU.Build.0 = Debug|Any CPU
		{E1D2F9C0-1A2B-4C3D-9F8E-764321156789}.Release|Any CPU.ActiveCfg = Release|Any CPU
		{E1D2F9C0-1A2B-4C3D-9F8E-764321156789}.Release|Any CPU.Build.0 = Release|Any CPU
	EndGlobalSection
	GlobalSection(SolutionProperties) = preSolution
		HideSolutionNode = FALSE
	EndGlobalSection
	GlobalSection(NestedProjects) = preSolution
		{7D8787BC-AB6A-472D-8608-B9E8F86DBC54} = {0720995C-9B78-445C-A458-8B00BB424A7E}
		{17950490-ED60-430C-9EDA-729C3DA1F1DE} = {C8005C47-7CB1-4DBD-96E6-476AB1D9EA88}
		{2718D2D0-B64F-48FA-AEF0-880788A1A54E} = {0720995C-9B78-445C-A458-8B00BB424A7E}
		{5E50BAF8-F905-4DB7-A489-FB8C4208EAFD} = {0720995C-9B78-445C-A458-8B00BB424A7E}
		{43465B07-17E2-48C4-BB8C-D89BAA028526} = {0720995C-9B78-445C-A458-8B00BB424A7E}
		{3F41A3EA-3D0A-4F0A-B747-2E806E285D4E} = {0720995C-9B78-445C-A458-8B00BB424A7E}
		{93A83932-DA2A-4D50-AB38-CEE409716742} = {0720995C-9B78-445C-A458-8B00BB424A7E}
		{B29A727C-F59A-4A6F-B0AF-7A3F70DA2923} = {0720995C-9B78-445C-A458-8B00BB424A7E}
		{F0F9C965-64A9-4F9C-AB89-398FA02C5C96} = {0720995C-9B78-445C-A458-8B00BB424A7E}
		{E1D2F9C0-1A2B-4C3D-9F8E-764321156789} = {0720995C-9B78-445C-A458-8B00BB424A7E}
	EndGlobalSection
EndGlobal
